
Microsoft Visual Studio Solution File, Format Version 12.00
# Visual Studio 15
VisualStudioVersion = 15.0.28307.438
MinimumVisualStudioVersion = 10.0.40219.1
Project("{9A19103F-16F7-4668-BE54-9A1E7A4F7556}") = "1.Stadium Income", "1.Stadium Income\1.Stadium Income.csproj", "{0E87CF05-1BBB-4B01-8936-38144C6AA841}"
EndProject
Project("{9A19103F-16F7-4668-BE54-9A1E7A4F7556}") = "6.Ticket Combination", "6.Ticket Combination\6.Ticket Combination.csproj", "{4070B461-8862-4340-83BF-F97E3048B9F9}"
EndProject
Project("{9A19103F-16F7-4668-BE54-9A1E7A4F7556}") = "6.Substitute", "6.Substitute\6.Substitute.csproj", "{044BDD69-CE20-4A28-9BEE-F0D0A8A16B54}"
EndProject
Project("{9A19103F-16F7-4668-BE54-9A1E7A4F7556}") = "5.Fan Shop", "5.Fan Shop\5.Fan Shop.csproj", "{864B0F50-9559-47AD-B460-FADCE5F19BF5}"
EndProject
Project("{9A19103F-16F7-4668-BE54-9A1E7A4F7556}") = "5.Game Info", "5.Game Info\5.Game Info.csproj", "{D0995D95-D38D-4819-9F4F-AE7075C2340C}"
EndProject
Project("{9A19103F-16F7-4668-BE54-9A1E7A4F7556}") = "1.Trip To World Cup", "1.Trip To World Cup\1.Trip To World Cup.csproj", "{8C9782B9-0E04-433F-B206-970CE6DC6AAE}"
EndProject
Project("{9A19103F-16F7-4668-BE54-9A1E7A4F7556}") = "2.Beer And Chips", "2.Beer And Chips\2.Beer And Chips.csproj", "{6C47BB09-FC48-416D-9249-FE2262885AC8}"
EndProject
Project("{9A19103F-16F7-4668-BE54-9A1E7A4F7556}") = "2.Football Kit", "2.Football Kit\2.Football Kit.csproj", "{FAAFB520-5F0F-4796-A66B-4B4D7EAFAE63}"
EndProject
Project("{FAE04EC0-301F-11D3-BF4B-00C04F79EFBC}") = "3.Game Statistics", "3.Game Statistics\3.Game Statistics.csproj", "{EECA29C6-5E83-4E38-9305-D4F95F6AEC0F}"
EndProject
Project("{FAE04EC0-301F-11D3-BF4B-00C04F79EFBC}") = "3.Football Souvenirs", "3.Football Souvenirs\3.Football Souvenirs.csproj", "{43DF6210-F53E-472B-A305-1C4F90C7499D}"
EndProject
Project("{FAE04EC0-301F-11D3-BF4B-00C04F79EFBC}") = "4.Best Player", "4.Best Player\4.Best Player.csproj", "{F421B523-5A2D-45A1-AEDB-1B2C602F0D15}"
EndProject
Project("{FAE04EC0-301F-11D3-BF4B-00C04F79EFBC}") = "4.Group Stage", "4.Group Stage\4.Group Stage.csproj", "{22B2F1FE-ECEB-43B3-AB28-B6696FE4A881}"
EndProject
Global
	GlobalSection(SolutionConfigurationPlatforms) = preSolution
		Debug|Any CPU = Debug|Any CPU
		Release|Any CPU = Release|Any CPU
	EndGlobalSection
	GlobalSection(ProjectConfigurationPlatforms) = postSolution
		{0E87CF05-1BBB-4B01-8936-38144C6AA841}.Debug|Any CPU.ActiveCfg = Debug|Any CPU
		{0E87CF05-1BBB-4B01-8936-38144C6AA841}.Debug|Any CPU.Build.0 = Debug|Any CPU
		{0E87CF05-1BBB-4B01-8936-38144C6AA841}.Release|Any CPU.ActiveCfg = Release|Any CPU
		{0E87CF05-1BBB-4B01-8936-38144C6AA841}.Release|Any CPU.Build.0 = Release|Any CPU
		{4070B461-8862-4340-83BF-F97E3048B9F9}.Debug|Any CPU.ActiveCfg = Debug|Any CPU
		{4070B461-8862-4340-83BF-F97E3048B9F9}.Debug|Any CPU.Build.0 = Debug|Any CPU
		{4070B461-8862-4340-83BF-F97E3048B9F9}.Release|Any CPU.ActiveCfg = Release|Any CPU
		{4070B461-8862-4340-83BF-F97E3048B9F9}.Release|Any CPU.Build.0 = Release|Any CPU
		{044BDD69-CE20-4A28-9BEE-F0D0A8A16B54}.Debug|Any CPU.ActiveCfg = Debug|Any CPU
		{044BDD69-CE20-4A28-9BEE-F0D0A8A16B54}.Debug|Any CPU.Build.0 = Debug|Any CPU
		{044BDD69-CE20-4A28-9BEE-F0D0A8A16B54}.Release|Any CPU.ActiveCfg = Release|Any CPU
		{044BDD69-CE20-4A28-9BEE-F0D0A8A16B54}.Release|Any CPU.Build.0 = Release|Any CPU
		{864B0F50-9559-47AD-B460-FADCE5F19BF5}.Debug|Any CPU.ActiveCfg = Debug|Any CPU
		{864B0F50-9559-47AD-B460-FADCE5F19BF5}.Debug|Any CPU.Build.0 = Debug|Any CPU
		{864B0F50-9559-47AD-B460-FADCE5F19BF5}.Release|Any CPU.ActiveCfg = Release|Any CPU
		{864B0F50-9559-47AD-B460-FADCE5F19BF5}.Release|Any CPU.Build.0 = Release|Any CPU
		{D0995D95-D38D-4819-9F4F-AE7075C2340C}.Debug|Any CPU.ActiveCfg = Debug|Any CPU
		{D0995D95-D38D-4819-9F4F-AE7075C2340C}.Debug|Any CPU.Build.0 = Debug|Any CPU
		{D0995D95-D38D-4819-9F4F-AE7075C2340C}.Release|Any CPU.ActiveCfg = Release|Any CPU
		{D0995D95-D38D-4819-9F4F-AE7075C2340C}.Release|Any CPU.Build.0 = Release|Any CPU
		{8C9782B9-0E04-433F-B206-970CE6DC6AAE}.Debug|Any CPU.ActiveCfg = Debug|Any CPU
		{8C9782B9-0E04-433F-B206-970CE6DC6AAE}.Debug|Any CPU.Build.0 = Debug|Any CPU
		{8C9782B9-0E04-433F-B206-970CE6DC6AAE}.Release|Any CPU.ActiveCfg = Release|Any CPU
		{8C9782B9-0E04-433F-B206-970CE6DC6AAE}.Release|Any CPU.Build.0 = Release|Any CPU
		{6C47BB09-FC48-416D-9249-FE2262885AC8}.Debug|Any CPU.ActiveCfg = Debug|Any CPU
		{6C47BB09-FC48-416D-9249-FE2262885AC8}.Debug|Any CPU.Build.0 = Debug|Any CPU
		{6C47BB09-FC48-416D-9249-FE2262885AC8}.Release|Any CPU.ActiveCfg = Release|Any CPU
		{6C47BB09-FC48-416D-9249-FE2262885AC8}.Release|Any CPU.Build.0 = Release|Any CPU
		{FAAFB520-5F0F-4796-A66B-4B4D7EAFAE63}.Debug|Any CPU.ActiveCfg = Debug|Any CPU
		{FAAFB520-5F0F-4796-A66B-4B4D7EAFAE63}.Debug|Any CPU.Build.0 = Debug|Any CPU
		{FAAFB520-5F0F-4796-A66B-4B4D7EAFAE63}.Release|Any CPU.ActiveCfg = Release|Any CPU
		{FAAFB520-5F0F-4796-A66B-4B4D7EAFAE63}.Release|Any CPU.Build.0 = Release|Any CPU
		{EECA29C6-5E83-4E38-9305-D4F95F6AEC0F}.Debug|Any CPU.ActiveCfg = Debug|Any CPU
		{EECA29C6-5E83-4E38-9305-D4F95F6AEC0F}.Debug|Any CPU.Build.0 = Debug|Any CPU
		{EECA29C6-5E83-4E38-9305-D4F95F6AEC0F}.Release|Any CPU.ActiveCfg = Release|Any CPU
		{EECA29C6-5E83-4E38-9305-D4F95F6AEC0F}.Release|Any CPU.Build.0 = Release|Any CPU
		{43DF6210-F53E-472B-A305-1C4F90C7499D}.Debug|Any CPU.ActiveCfg = Debug|Any CPU
		{43DF6210-F53E-472B-A305-1C4F90C7499D}.Debug|Any CPU.Build.0 = Debug|Any CPU
		{43DF6210-F53E-472B-A305-1C4F90C7499D}.Release|Any CPU.ActiveCfg = Release|Any CPU
		{43DF6210-F53E-472B-A305-1C4F90C7499D}.Release|Any CPU.Build.0 = Release|Any CPU
		{F421B523-5A2D-45A1-AEDB-1B2C602F0D15}.Debug|Any CPU.ActiveCfg = Debug|Any CPU
		{F421B523-5A2D-45A1-AEDB-1B2C602F0D15}.Debug|Any CPU.Build.0 = Debug|Any CPU
		{F421B523-5A2D-45A1-AEDB-1B2C602F0D15}.Release|Any CPU.ActiveCfg = Release|Any CPU
		{F421B523-5A2D-45A1-AEDB-1B2C602F0D15}.Release|Any CPU.Build.0 = Release|Any CPU
		{22B2F1FE-ECEB-43B3-AB28-B6696FE4A881}.Debug|Any CPU.ActiveCfg = Debug|Any CPU
		{22B2F1FE-ECEB-43B3-AB28-B6696FE4A881}.Debug|Any CPU.Build.0 = Debug|Any CPU
		{22B2F1FE-ECEB-43B3-AB28-B6696FE4A881}.Release|Any CPU.ActiveCfg = Release|Any CPU
		{22B2F1FE-ECEB-43B3-AB28-B6696FE4A881}.Release|Any CPU.Build.0 = Release|Any CPU
	EndGlobalSection
	GlobalSection(SolutionProperties) = preSolution
		HideSolutionNode = FALSE
	EndGlobalSection
	GlobalSection(ExtensibilityGlobals) = postSolution
		SolutionGuid = {87B7FCEE-61FF-468D-80E8-891DF08FA7B5}
	EndGlobalSection
EndGlobal
